// !$*UTF8*$!
{
	archiveVersion = 1;
	classes = {
	};
	objectVersion = 56;
	objects = {

/* Begin PBXBuildFile section */
		1E4E45532A3FCB2700348864 /* Enum+Protocol.swift in Sources */ = {isa = PBXBuildFile; fileRef = 1E4E45522A3FCB2700348864 /* Enum+Protocol.swift */; };
		1E4E45582A3FDDB900348864 /* Formats.swift in Sources */ = {isa = PBXBuildFile; fileRef = 1E4E45572A3FDDB900348864 /* Formats.swift */; };
		1E4E455E2A40D9F200348864 /* Date+Extension.swift in Sources */ = {isa = PBXBuildFile; fileRef = 1E4E455D2A40D9F200348864 /* Date+Extension.swift */; };
		1E4E45602A40DA1900348864 /* Image+Extension.swift in Sources */ = {isa = PBXBuildFile; fileRef = 1E4E455F2A40DA1900348864 /* Image+Extension.swift */; };
		1E4E45662A40DB4400348864 /* Property+CoreData.swift in Sources */ = {isa = PBXBuildFile; fileRef = 1E4E45622A40DB4400348864 /* Property+CoreData.swift */; };
		1E4E45682A40DB4400348864 /* Game+CoreData.swift in Sources */ = {isa = PBXBuildFile; fileRef = 1E4E45642A40DB4400348864 /* Game+CoreData.swift */; };
		1E4E456A2A40E6D500348864 /* Properties.swift in Sources */ = {isa = PBXBuildFile; fileRef = 1E4E45692A40E6D500348864 /* Properties.swift */; };
		1E4E45702A40FBCE00348864 /* AppEntity+CoreData.swift in Sources */ = {isa = PBXBuildFile; fileRef = 1E4E456C2A40FBCE00348864 /* AppEntity+CoreData.swift */; };
		1E4E45742A40FCAC00348864 /* Collection+Extension.swift in Sources */ = {isa = PBXBuildFile; fileRef = 1E4E45732A40FCAC00348864 /* Collection+Extension.swift */; };
		1E5449DA2A448F910061CC62 /* Container+EnvironmentKey.swift in Sources */ = {isa = PBXBuildFile; fileRef = 1E5449D92A448F8F0061CC62 /* Container+EnvironmentKey.swift */; };
		1EB81D332A3FB8AF00EACBD8 /* Platforms.swift in Sources */ = {isa = PBXBuildFile; fileRef = 1EB81D322A3FB8AF00EACBD8 /* Platforms.swift */; };
		1EB81D3A2A3FBF1600EACBD8 /* String+Extension.swift in Sources */ = {isa = PBXBuildFile; fileRef = 1EB81D392A3FBF1600EACBD8 /* String+Extension.swift */; };
		1EE4A37F2A2BF6750091EFFD /* autosavedApp.swift in Sources */ = {isa = PBXBuildFile; fileRef = 1EE4A37E2A2BF6750091EFFD /* autosavedApp.swift */; };
		1EE4A3812A2BF6750091EFFD /* ContentView.swift in Sources */ = {isa = PBXBuildFile; fileRef = 1EE4A3802A2BF6750091EFFD /* ContentView.swift */; };
		1EE4A3832A2BF6770091EFFD /* Assets.xcassets in Resources */ = {isa = PBXBuildFile; fileRef = 1EE4A3822A2BF6770091EFFD /* Assets.xcassets */; };
		1EE4A3862A2BF6770091EFFD /* Preview Assets.xcassets in Resources */ = {isa = PBXBuildFile; fileRef = 1EE4A3852A2BF6770091EFFD /* Preview Assets.xcassets */; };
		1EE4A3882A2BF6770091EFFD /* Persistence.swift in Sources */ = {isa = PBXBuildFile; fileRef = 1EE4A3872A2BF6770091EFFD /* Persistence.swift */; };
		1EE4A38B2A2BF6770091EFFD /* autosaved.xcdatamodeld in Sources */ = {isa = PBXBuildFile; fileRef = 1EE4A3892A2BF6770091EFFD /* autosaved.xcdatamodeld */; };
/* End PBXBuildFile section */

/* Begin PBXFileReference section */
		1E4E45522A3FCB2700348864 /* Enum+Protocol.swift */ = {isa = PBXFileReference; lastKnownFileType = sourcecode.swift; path = "Enum+Protocol.swift"; sourceTree = "<group>"; };
		1E4E45572A3FDDB900348864 /* Formats.swift */ = {isa = PBXFileReference; lastKnownFileType = sourcecode.swift; path = Formats.swift; sourceTree = "<group>"; };
		1E4E455D2A40D9F200348864 /* Date+Extension.swift */ = {isa = PBXFileReference; lastKnownFileType = sourcecode.swift; path = "Date+Extension.swift"; sourceTree = "<group>"; };
		1E4E455F2A40DA1900348864 /* Image+Extension.swift */ = {isa = PBXFileReference; lastKnownFileType = sourcecode.swift; path = "Image+Extension.swift"; sourceTree = "<group>"; };
		1E4E45622A40DB4400348864 /* Property+CoreData.swift */ = {isa = PBXFileReference; lastKnownFileType = sourcecode.swift; path = "Property+CoreData.swift"; sourceTree = "<group>"; };
		1E4E45642A40DB4400348864 /* Game+CoreData.swift */ = {isa = PBXFileReference; lastKnownFileType = sourcecode.swift; path = "Game+CoreData.swift"; sourceTree = "<group>"; };
		1E4E45692A40E6D500348864 /* Properties.swift */ = {isa = PBXFileReference; lastKnownFileType = sourcecode.swift; path = Properties.swift; sourceTree = "<group>"; };
		1E4E456C2A40FBCE00348864 /* AppEntity+CoreData.swift */ = {isa = PBXFileReference; lastKnownFileType = sourcecode.swift; path = "AppEntity+CoreData.swift"; sourceTree = "<group>"; };
		1E4E45732A40FCAC00348864 /* Collection+Extension.swift */ = {isa = PBXFileReference; lastKnownFileType = sourcecode.swift; path = "Collection+Extension.swift"; sourceTree = "<group>"; };
		1E5449D92A448F8F0061CC62 /* Container+EnvironmentKey.swift */ = {isa = PBXFileReference; lastKnownFileType = sourcecode.swift; path = "Container+EnvironmentKey.swift"; sourceTree = "<group>"; };
		1E9092612A41201D0001E9A1 /* autosaved 1.0.0.xcdatamodel */ = {isa = PBXFileReference; lastKnownFileType = wrapper.xcdatamodel; path = "autosaved 1.0.0.xcdatamodel"; sourceTree = "<group>"; };
		1EB81D322A3FB8AF00EACBD8 /* Platforms.swift */ = {isa = PBXFileReference; lastKnownFileType = sourcecode.swift; path = Platforms.swift; sourceTree = "<group>"; };
		1EB81D392A3FBF1600EACBD8 /* String+Extension.swift */ = {isa = PBXFileReference; lastKnownFileType = sourcecode.swift; path = "String+Extension.swift"; sourceTree = "<group>"; };
		1EE4A37B2A2BF6750091EFFD /* autosaved.app */ = {isa = PBXFileReference; explicitFileType = wrapper.application; includeInIndex = 0; path = autosaved.app; sourceTree = BUILT_PRODUCTS_DIR; };
		1EE4A37E2A2BF6750091EFFD /* autosavedApp.swift */ = {isa = PBXFileReference; lastKnownFileType = sourcecode.swift; path = autosavedApp.swift; sourceTree = "<group>"; };
		1EE4A3802A2BF6750091EFFD /* ContentView.swift */ = {isa = PBXFileReference; lastKnownFileType = sourcecode.swift; path = ContentView.swift; sourceTree = "<group>"; };
		1EE4A3822A2BF6770091EFFD /* Assets.xcassets */ = {isa = PBXFileReference; lastKnownFileType = folder.assetcatalog; path = Assets.xcassets; sourceTree = "<group>"; };
		1EE4A3852A2BF6770091EFFD /* Preview Assets.xcassets */ = {isa = PBXFileReference; lastKnownFileType = folder.assetcatalog; path = "Preview Assets.xcassets"; sourceTree = "<group>"; };
		1EE4A3872A2BF6770091EFFD /* Persistence.swift */ = {isa = PBXFileReference; lastKnownFileType = sourcecode.swift; path = Persistence.swift; sourceTree = "<group>"; };
		1EE4A38A2A2BF6770091EFFD /* autosaved.xcdatamodel */ = {isa = PBXFileReference; lastKnownFileType = wrapper.xcdatamodel; path = autosaved.xcdatamodel; sourceTree = "<group>"; };
/* End PBXFileReference section */

/* Begin PBXFrameworksBuildPhase section */
		1EE4A3782A2BF6750091EFFD /* Frameworks */ = {
			isa = PBXFrameworksBuildPhase;
			buildActionMask = 2147483647;
			files = (
			);
			runOnlyForDeploymentPostprocessing = 0;
		};
/* End PBXFrameworksBuildPhase section */

/* Begin PBXGroup section */
		1E4E45542A3FCB2B00348864 /* Protocol */ = {
			isa = PBXGroup;
			children = (
				1E4E45522A3FCB2700348864 /* Enum+Protocol.swift */,
			);
			path = Protocol;
			sourceTree = "<group>";
		};
		1E4E455B2A40D75D00348864 /* View */ = {
			isa = PBXGroup;
			children = (
				1EE4A3802A2BF6750091EFFD /* ContentView.swift */,
			);
			path = View;
			sourceTree = "<group>";
		};
		1E4E455C2A40D76800348864 /* Model */ = {
			isa = PBXGroup;
			children = (
				1EE4A3872A2BF6770091EFFD /* Persistence.swift */,
				1EE4A3892A2BF6770091EFFD /* autosaved.xcdatamodeld */,
			);
			path = Model;
			sourceTree = "<group>";
		};
		1EB81D312A3FB88100EACBD8 /* Enum */ = {
			isa = PBXGroup;
			children = (
				1EB81D322A3FB8AF00EACBD8 /* Platforms.swift */,
				1E4E45572A3FDDB900348864 /* Formats.swift */,
				1E4E45692A40E6D500348864 /* Properties.swift */,
			);
			path = Enum;
			sourceTree = "<group>";
		};
		1EB81D382A3FBE8A00EACBD8 /* Extension */ = {
			isa = PBXGroup;
			children = (
				1EB81D392A3FBF1600EACBD8 /* String+Extension.swift */,
				1E4E455D2A40D9F200348864 /* Date+Extension.swift */,
				1E4E455F2A40DA1900348864 /* Image+Extension.swift */,
				1E4E45732A40FCAC00348864 /* Collection+Extension.swift */,
			);
			path = Extension;
			sourceTree = "<group>";
		};
		1EE4A3722A2BF6750091EFFD = {
			isa = PBXGroup;
			children = (
				1E4E456C2A40FBCE00348864 /* AppEntity+CoreData.swift */,
				1E4E45622A40DB4400348864 /* Property+CoreData.swift */,
				1E4E45642A40DB4400348864 /* Game+CoreData.swift */,
				1EE4A37D2A2BF6750091EFFD /* autosaved */,
				1EE4A37C2A2BF6750091EFFD /* Products */,
			);
			sourceTree = "<group>";
		};
		1EE4A37C2A2BF6750091EFFD /* Products */ = {
			isa = PBXGroup;
			children = (
				1EE4A37B2A2BF6750091EFFD /* autosaved.app */,
			);
			name = Products;
			sourceTree = "<group>";
		};
		1EE4A37D2A2BF6750091EFFD /* autosaved */ = {
			isa = PBXGroup;
			children = (
				1EE4A37E2A2BF6750091EFFD /* autosavedApp.swift */,
				1EB81D382A3FBE8A00EACBD8 /* Extension */,
				1E4E45542A3FCB2B00348864 /* Protocol */,
				1EB81D312A3FB88100EACBD8 /* Enum */,
				1E4E455C2A40D76800348864 /* Model */,
				1E4E455B2A40D75D00348864 /* View */,
				1EE4A3822A2BF6770091EFFD /* Assets.xcassets */,
				1EE4A3842A2BF6770091EFFD /* Preview Content */,
				1E5449D92A448F8F0061CC62 /* Container+EnvironmentKey.swift */,
			);
			path = autosaved;
			sourceTree = "<group>";
		};
		1EE4A3842A2BF6770091EFFD /* Preview Content */ = {
			isa = PBXGroup;
			children = (
				1EE4A3852A2BF6770091EFFD /* Preview Assets.xcassets */,
			);
			path = "Preview Content";
			sourceTree = "<group>";
		};
/* End PBXGroup section */

/* Begin PBXNativeTarget section */
		1EE4A37A2A2BF6750091EFFD /* autosaved */ = {
			isa = PBXNativeTarget;
			buildConfigurationList = 1EE4A38E2A2BF6770091EFFD /* Build configuration list for PBXNativeTarget "autosaved" */;
			buildPhases = (
				1EE4A3772A2BF6750091EFFD /* Sources */,
				1EE4A3782A2BF6750091EFFD /* Frameworks */,
				1EE4A3792A2BF6750091EFFD /* Resources */,
			);
			buildRules = (
			);
			dependencies = (
			);
			name = autosaved;
			productName = autosaved;
			productReference = 1EE4A37B2A2BF6750091EFFD /* autosaved.app */;
			productType = "com.apple.product-type.application";
		};
/* End PBXNativeTarget section */

/* Begin PBXProject section */
		1EE4A3732A2BF6750091EFFD /* Project object */ = {
			isa = PBXProject;
			attributes = {
				BuildIndependentTargetsInParallel = 1;
				LastSwiftUpdateCheck = 1430;
				LastUpgradeCheck = 1430;
				TargetAttributes = {
					1EE4A37A2A2BF6750091EFFD = {
						CreatedOnToolsVersion = 14.3;
					};
				};
			};
			buildConfigurationList = 1EE4A3762A2BF6750091EFFD /* Build configuration list for PBXProject "autosaved" */;
			compatibilityVersion = "Xcode 14.0";
			developmentRegion = en;
			hasScannedForEncodings = 0;
			knownRegions = (
				en,
				Base,
			);
			mainGroup = 1EE4A3722A2BF6750091EFFD;
			productRefGroup = 1EE4A37C2A2BF6750091EFFD /* Products */;
			projectDirPath = "";
			projectRoot = "";
			targets = (
				1EE4A37A2A2BF6750091EFFD /* autosaved */,
			);
		};
/* End PBXProject section */

/* Begin PBXResourcesBuildPhase section */
		1EE4A3792A2BF6750091EFFD /* Resources */ = {
			isa = PBXResourcesBuildPhase;
			buildActionMask = 2147483647;
			files = (
				1EE4A3862A2BF6770091EFFD /* Preview Assets.xcassets in Resources */,
				1EE4A3832A2BF6770091EFFD /* Assets.xcassets in Resources */,
			);
			runOnlyForDeploymentPostprocessing = 0;
		};
/* End PBXResourcesBuildPhase section */

/* Begin PBXSourcesBuildPhase section */
		1EE4A3772A2BF6750091EFFD /* Sources */ = {
			isa = PBXSourcesBuildPhase;
			buildActionMask = 2147483647;
			files = (
				1E4E45532A3FCB2700348864 /* Enum+Protocol.swift in Sources */,
				1E4E45702A40FBCE00348864 /* AppEntity+CoreData.swift in Sources */,
				1EB81D332A3FB8AF00EACBD8 /* Platforms.swift in Sources */,
				1EB81D3A2A3FBF1600EACBD8 /* String+Extension.swift in Sources */,
				1E4E45742A40FCAC00348864 /* Collection+Extension.swift in Sources */,
				1E5449DA2A448F910061CC62 /* Container+EnvironmentKey.swift in Sources */,
				1EE4A3882A2BF6770091EFFD /* Persistence.swift in Sources */,
				1E4E45582A3FDDB900348864 /* Formats.swift in Sources */,
				1E4E45682A40DB4400348864 /* Game+CoreData.swift in Sources */,
				1E4E45602A40DA1900348864 /* Image+Extension.swift in Sources */,
				1E4E456A2A40E6D500348864 /* Properties.swift in Sources */,
				1EE4A3812A2BF6750091EFFD /* ContentView.swift in Sources */,
				1E4E45662A40DB4400348864 /* Property+CoreData.swift in Sources */,
				1EE4A38B2A2BF6770091EFFD /* autosaved.xcdatamodeld in Sources */,
				1EE4A37F2A2BF6750091EFFD /* autosavedApp.swift in Sources */,
				1E4E455E2A40D9F200348864 /* Date+Extension.swift in Sources */,
			);
			runOnlyForDeploymentPostprocessing = 0;
		};
/* End PBXSourcesBuildPhase section */

/* Begin XCBuildConfiguration section */
		1EE4A38C2A2BF6770091EFFD /* Debug */ = {
			isa = XCBuildConfiguration;
			buildSettings = {
				ALWAYS_SEARCH_USER_PATHS = NO;
				CLANG_ANALYZER_NONNULL = YES;
				CLANG_ANALYZER_NUMBER_OBJECT_CONVERSION = YES_AGGRESSIVE;
				CLANG_CXX_LANGUAGE_STANDARD = "gnu++20";
				CLANG_ENABLE_MODULES = YES;
				CLANG_ENABLE_OBJC_ARC = YES;
				CLANG_ENABLE_OBJC_WEAK = YES;
				CLANG_WARN_BLOCK_CAPTURE_AUTORELEASING = YES;
				CLANG_WARN_BOOL_CONVERSION = YES;
				CLANG_WARN_COMMA = YES;
				CLANG_WARN_CONSTANT_CONVERSION = YES;
				CLANG_WARN_DEPRECATED_OBJC_IMPLEMENTATIONS = YES;
				CLANG_WARN_DIRECT_OBJC_ISA_USAGE = YES_ERROR;
				CLANG_WARN_DOCUMENTATION_COMMENTS = YES;
				CLANG_WARN_EMPTY_BODY = YES;
				CLANG_WARN_ENUM_CONVERSION = YES;
				CLANG_WARN_INFINITE_RECURSION = YES;
				CLANG_WARN_INT_CONVERSION = YES;
				CLANG_WARN_NON_LITERAL_NULL_CONVERSION = YES;
				CLANG_WARN_OBJC_IMPLICIT_RETAIN_SELF = YES;
				CLANG_WARN_OBJC_LITERAL_CONVERSION = YES;
				CLANG_WARN_OBJC_ROOT_CLASS = YES_ERROR;
				CLANG_WARN_QUOTED_INCLUDE_IN_FRAMEWORK_HEADER = YES;
				CLANG_WARN_RANGE_LOOP_ANALYSIS = YES;
				CLANG_WARN_STRICT_PROTOTYPES = YES;
				CLANG_WARN_SUSPICIOUS_MOVE = YES;
				CLANG_WARN_UNGUARDED_AVAILABILITY = YES_AGGRESSIVE;
				CLANG_WARN_UNREACHABLE_CODE = YES;
				CLANG_WARN__DUPLICATE_METHOD_MATCH = YES;
				COPY_PHASE_STRIP = NO;
				DEBUG_INFORMATION_FORMAT = dwarf;
				ENABLE_STRICT_OBJC_MSGSEND = YES;
				ENABLE_TESTABILITY = YES;
				GCC_C_LANGUAGE_STANDARD = gnu11;
				GCC_DYNAMIC_NO_PIC = NO;
				GCC_NO_COMMON_BLOCKS = YES;
				GCC_OPTIMIZATION_LEVEL = 0;
				GCC_PREPROCESSOR_DEFINITIONS = (
					"DEBUG=1",
					"$(inherited)",
				);
				GCC_WARN_64_TO_32_BIT_CONVERSION = YES;
				GCC_WARN_ABOUT_RETURN_TYPE = YES_ERROR;
				GCC_WARN_UNDECLARED_SELECTOR = YES;
				GCC_WARN_UNINITIALIZED_AUTOS = YES_AGGRESSIVE;
				GCC_WARN_UNUSED_FUNCTION = YES;
				GCC_WARN_UNUSED_VARIABLE = YES;
				IPHONEOS_DEPLOYMENT_TARGET = 16.4;
				MTL_ENABLE_DEBUG_INFO = INCLUDE_SOURCE;
				MTL_FAST_MATH = YES;
				ONLY_ACTIVE_ARCH = YES;
				SDKROOT = iphoneos;
				SWIFT_ACTIVE_COMPILATION_CONDITIONS = DEBUG;
				SWIFT_OPTIMIZATION_LEVEL = "-Onone";
			};
			name = Debug;
		};
		1EE4A38D2A2BF6770091EFFD /* Release */ = {
			isa = XCBuildConfiguration;
			buildSettings = {
				ALWAYS_SEARCH_USER_PATHS = NO;
				CLANG_ANALYZER_NONNULL = YES;
				CLANG_ANALYZER_NUMBER_OBJECT_CONVERSION = YES_AGGRESSIVE;
				CLANG_CXX_LANGUAGE_STANDARD = "gnu++20";
				CLANG_ENABLE_MODULES = YES;
				CLANG_ENABLE_OBJC_ARC = YES;
				CLANG_ENABLE_OBJC_WEAK = YES;
				CLANG_WARN_BLOCK_CAPTURE_AUTORELEASING = YES;
				CLANG_WARN_BOOL_CONVERSION = YES;
				CLANG_WARN_COMMA = YES;
				CLANG_WARN_CONSTANT_CONVERSION = YES;
				CLANG_WARN_DEPRECATED_OBJC_IMPLEMENTATIONS = YES;
				CLANG_WARN_DIRECT_OBJC_ISA_USAGE = YES_ERROR;
				CLANG_WARN_DOCUMENTATION_COMMENTS = YES;
				CLANG_WARN_EMPTY_BODY = YES;
				CLANG_WARN_ENUM_CONVERSION = YES;
				CLANG_WARN_INFINITE_RECURSION = YES;
				CLANG_WARN_INT_CONVERSION = YES;
				CLANG_WARN_NON_LITERAL_NULL_CONVERSION = YES;
				CLANG_WARN_OBJC_IMPLICIT_RETAIN_SELF = YES;
				CLANG_WARN_OBJC_LITERAL_CONVERSION = YES;
				CLANG_WARN_OBJC_ROOT_CLASS = YES_ERROR;
				CLANG_WARN_QUOTED_INCLUDE_IN_FRAMEWORK_HEADER = YES;
				CLANG_WARN_RANGE_LOOP_ANALYSIS = YES;
				CLANG_WARN_STRICT_PROTOTYPES = YES;
				CLANG_WARN_SUSPICIOUS_MOVE = YES;
				CLANG_WARN_UNGUARDED_AVAILABILITY = YES_AGGRESSIVE;
				CLANG_WARN_UNREACHABLE_CODE = YES;
				CLANG_WARN__DUPLICATE_METHOD_MATCH = YES;
				COPY_PHASE_STRIP = NO;
				DEBUG_INFORMATION_FORMAT = "dwarf-with-dsym";
				ENABLE_NS_ASSERTIONS = NO;
				ENABLE_STRICT_OBJC_MSGSEND = YES;
				GCC_C_LANGUAGE_STANDARD = gnu11;
				GCC_NO_COMMON_BLOCKS = YES;
				GCC_WARN_64_TO_32_BIT_CONVERSION = YES;
				GCC_WARN_ABOUT_RETURN_TYPE = YES_ERROR;
				GCC_WARN_UNDECLARED_SELECTOR = YES;
				GCC_WARN_UNINITIALIZED_AUTOS = YES_AGGRESSIVE;
				GCC_WARN_UNUSED_FUNCTION = YES;
				GCC_WARN_UNUSED_VARIABLE = YES;
				IPHONEOS_DEPLOYMENT_TARGET = 16.4;
				MTL_ENABLE_DEBUG_INFO = NO;
				MTL_FAST_MATH = YES;
				SDKROOT = iphoneos;
				SWIFT_COMPILATION_MODE = wholemodule;
				SWIFT_OPTIMIZATION_LEVEL = "-O";
				VALIDATE_PRODUCT = YES;
			};
			name = Release;
		};
		1EE4A38F2A2BF6770091EFFD /* Debug */ = {
			isa = XCBuildConfiguration;
			buildSettings = {
				ASSETCATALOG_COMPILER_APPICON_NAME = AppIcon;
				ASSETCATALOG_COMPILER_GLOBAL_ACCENT_COLOR_NAME = AccentColor;
				CODE_SIGN_STYLE = Automatic;
				CURRENT_PROJECT_VERSION = 1;
				DEVELOPMENT_ASSET_PATHS = "\"autosaved/Preview Content\"";
				DEVELOPMENT_TEAM = 6H7NA9X6MX;
				ENABLE_PREVIEWS = YES;
				GENERATE_INFOPLIST_FILE = YES;
				INFOPLIST_KEY_UIApplicationSceneManifest_Generation = YES;
				INFOPLIST_KEY_UIApplicationSupportsIndirectInputEvents = YES;
				INFOPLIST_KEY_UILaunchScreen_Generation = YES;
				INFOPLIST_KEY_UISupportedInterfaceOrientations_iPad = "UIInterfaceOrientationPortrait UIInterfaceOrientationPortraitUpsideDown UIInterfaceOrientationLandscapeLeft UIInterfaceOrientationLandscapeRight";
				INFOPLIST_KEY_UISupportedInterfaceOrientations_iPhone = "UIInterfaceOrientationPortrait UIInterfaceOrientationLandscapeLeft UIInterfaceOrientationLandscapeRight";
				LD_RUNPATH_SEARCH_PATHS = (
					"$(inherited)",
					"@executable_path/Frameworks",
				);
				MARKETING_VERSION = 1.0;
				PRODUCT_BUNDLE_IDENTIFIER = com.asia.serrano.apps.autosaved;
				PRODUCT_NAME = "$(TARGET_NAME)";
				SWIFT_EMIT_LOC_STRINGS = YES;
				SWIFT_VERSION = 5.0;
				TARGETED_DEVICE_FAMILY = "1,2";
			};
			name = Debug;
		};
		1EE4A3902A2BF6770091EFFD /* Release */ = {
			isa = XCBuildConfiguration;
			buildSettings = {
				ASSETCATALOG_COMPILER_APPICON_NAME = AppIcon;
				ASSETCATALOG_COMPILER_GLOBAL_ACCENT_COLOR_NAME = AccentColor;
				CODE_SIGN_STYLE = Automatic;
				CURRENT_PROJECT_VERSION = 1;
				DEVELOPMENT_ASSET_PATHS = "\"autosaved/Preview Content\"";
				DEVELOPMENT_TEAM = 6H7NA9X6MX;
				ENABLE_PREVIEWS = YES;
				GENERATE_INFOPLIST_FILE = YES;
				INFOPLIST_KEY_UIApplicationSceneManifest_Generation = YES;
				INFOPLIST_KEY_UIApplicationSupportsIndirectInputEvents = YES;
				INFOPLIST_KEY_UILaunchScreen_Generation = YES;
				INFOPLIST_KEY_UISupportedInterfaceOrientations_iPad = "UIInterfaceOrientationPortrait UIInterfaceOrientationPortraitUpsideDown UIInterfaceOrientationLandscapeLeft UIInterfaceOrientationLandscapeRight";
				INFOPLIST_KEY_UISupportedInterfaceOrientations_iPhone = "UIInterfaceOrientationPortrait UIInterfaceOrientationLandscapeLeft UIInterfaceOrientationLandscapeRight";
				LD_RUNPATH_SEARCH_PATHS = (
					"$(inherited)",
					"@executable_path/Frameworks",
				);
				MARKETING_VERSION = 1.0;
				PRODUCT_BUNDLE_IDENTIFIER = com.asia.serrano.apps.autosaved;
				PRODUCT_NAME = "$(TARGET_NAME)";
				SWIFT_EMIT_LOC_STRINGS = YES;
				SWIFT_VERSION = 5.0;
				TARGETED_DEVICE_FAMILY = "1,2";
			};
			name = Release;
		};
/* End XCBuildConfiguration section */

/* Begin XCConfigurationList section */
		1EE4A3762A2BF6750091EFFD /* Build configuration list for PBXProject "autosaved" */ = {
			isa = XCConfigurationList;
			buildConfigurations = (
				1EE4A38C2A2BF6770091EFFD /* Debug */,
				1EE4A38D2A2BF6770091EFFD /* Release */,
			);
			defaultConfigurationIsVisible = 0;
			defaultConfigurationName = Release;
		};
		1EE4A38E2A2BF6770091EFFD /* Build configuration list for PBXNativeTarget "autosaved" */ = {
			isa = XCConfigurationList;
			buildConfigurations = (
				1EE4A38F2A2BF6770091EFFD /* Debug */,
				1EE4A3902A2BF6770091EFFD /* Release */,
			);
			defaultConfigurationIsVisible = 0;
			defaultConfigurationName = Release;
		};
/* End XCConfigurationList section */

/* Begin XCVersionGroup section */
		1EE4A3892A2BF6770091EFFD /* autosaved.xcdatamodeld */ = {
			isa = XCVersionGroup;
			children = (
				1E9092612A41201D0001E9A1 /* autosaved 1.0.0.xcdatamodel */,
				1EE4A38A2A2BF6770091EFFD /* autosaved.xcdatamodel */,
			);
			currentVersion = 1E9092612A41201D0001E9A1 /* autosaved 1.0.0.xcdatamodel */;
			path = autosaved.xcdatamodeld;
			sourceTree = "<group>";
			versionGroupType = wrapper.xcdatamodel;
		};
/* End XCVersionGroup section */
	};
	rootObject = 1EE4A3732A2BF6750091EFFD /* Project object */;
}
